
Microsoft Visual Studio Solution File, Format Version 12.00
# Visual Studio Version 17
VisualStudioVersion = 17.10.34928.147
MinimumVisualStudioVersion = 10.0.40219.1
Project("{FAE04EC0-301F-11D3-BF4B-00C04F79EFBC}") = "Proj7MVC", "Proj7MVC\Proj7MVC.csproj", "{D5CC8EEF-5B73-47CA-930A-D01734AE9230}"
EndProject
Global
	GlobalSection(SolutionConfigurationPlatforms) = preSolution
		Debug|Any CPU = Debug|Any CPU
		Release|Any CPU = Release|Any CPU
	EndGlobalSection
	GlobalSection(ProjectConfigurationPlatforms) = postSolution
		{D5CC8EEF-5B73-47CA-930A-D01734AE9230}.Debug|Any CPU.ActiveCfg = Debug|Any CPU
		{D5CC8EEF-5B73-47CA-930A-D01734AE9230}.Debug|Any CPU.Build.0 = Debug|Any CPU
		{D5CC8EEF-5B73-47CA-930A-D01734AE9230}.Release|Any CPU.ActiveCfg = Release|Any CPU
		{D5CC8EEF-5B73-47CA-930A-D01734AE9230}.Release|Any CPU.Build.0 = Release|Any CPU
	EndGlobalSection
	GlobalSection(SolutionProperties) = preSolution
		HideSolutionNode = FALSE
	EndGlobalSection
	GlobalSection(ExtensibilityGlobals) = postSolution
		SolutionGuid = {A2987A12-105D-46B6-9113-A1F4BCD94798}
	EndGlobalSection
EndGlobal
